{
  "name": "server",
  "version": "0.0.1",
  "lockfileVersion": 1,
  "requires": true,
  "dependencies": {
    "nanoid": {
      "version": "2.1.4",
      "resolved": "https://registry.npmjs.org/nanoid/-/nanoid-2.1.4.tgz",
      "integrity": "sha512-PijW88Ry+swMFfArOrm7uRAdVmJilLbej7WwVY6L5QwLDckqxSOinGGMV596yp5C8+MH3VvCXCSZ6AodGtKrYQ=="
    }
  }
}
